
Microsoft Visual Studio Solution File, Format Version 12.00
# Visual Studio 2012
Project("{8BC9CEB8-8B4A-11D0-8D11-00A0C91BC942}") = "AxiallyCompression", "AxiallyCompression\AxiallyCompression.vcxproj", "{3D7A42A5-FF0A-4721-B118-8B2AF27BE78F}"
EndProject
Global
	GlobalSection(SolutionConfigurationPlatforms) = preSolution
		Debug|Win32 = Debug|Win32
		Release|Win32 = Release|Win32
	EndGlobalSection
	GlobalSection(ProjectConfigurationPlatforms) = postSolution
		{3D7A42A5-FF0A-4721-B118-8B2AF27BE78F}.Debug|Win32.ActiveCfg = Debug|Win32
		{3D7A42A5-FF0A-4721-B118-8B2AF27BE78F}.Debug|Win32.Build.0 = Debug|Win32
		{3D7A42A5-FF0A-4721-B118-8B2AF27BE78F}.Release|Win32.ActiveCfg = Release|Win32
		{3D7A42A5-FF0A-4721-B118-8B2AF27BE78F}.Release|Win32.Build.0 = Release|Win32
	EndGlobalSection
	GlobalSection(SolutionProperties) = preSolution
		HideSolutionNode = FALSE
	EndGlobalSection
EndGlobal
